// !$*UTF8*$!
{
	archiveVersion = 1;
	classes = {
	};
	objectVersion = 50;
	objects = {

/* Begin PBXBuildFile section */
		5C04D60E263F3B0E008F20DA /* DrawingConstants.swift in Sources */ = {isa = PBXBuildFile; fileRef = 5C04D60D263F3B0E008F20DA /* DrawingConstants.swift */; };
		5C04D612263F3E5C008F20DA /* Category.swift in Sources */ = {isa = PBXBuildFile; fileRef = 5C04D611263F3E5C008F20DA /* Category.swift */; };
		5C04D615263F41E5008F20DA /* CategoryView.swift in Sources */ = {isa = PBXBuildFile; fileRef = 5C04D614263F41E5008F20DA /* CategoryView.swift */; };
		5C04D618263F4382008F20DA /* ConcentrationVM.swift in Sources */ = {isa = PBXBuildFile; fileRef = 5C04D617263F4382008F20DA /* ConcentrationVM.swift */; };
		5C04D61B263F4711008F20DA /* EmptyCategoryView.swift in Sources */ = {isa = PBXBuildFile; fileRef = 5C04D61A263F4711008F20DA /* EmptyCategoryView.swift */; };
		5C246186262F434600A8E079 /* OldCode.swift in Sources */ = {isa = PBXBuildFile; fileRef = 5C246185262F434600A8E079 /* OldCode.swift */; };
		5C528B64263F398F00891BE9 /* EmptyConcentrationView.swift in Sources */ = {isa = PBXBuildFile; fileRef = 5C528B63263F398F00891BE9 /* EmptyConcentrationView.swift */; };
		5C5574E42606331C001C1037 /* AppDelegate.swift in Sources */ = {isa = PBXBuildFile; fileRef = 5C5574E32606331C001C1037 /* AppDelegate.swift */; };
		5C5574E62606331C001C1037 /* CourseView.swift in Sources */ = {isa = PBXBuildFile; fileRef = 5C5574E52606331C001C1037 /* CourseView.swift */; };
		5C5574E92606331C001C1037 /* ClassPlanner.xcdatamodeld in Sources */ = {isa = PBXBuildFile; fileRef = 5C5574E72606331C001C1037 /* ClassPlanner.xcdatamodeld */; };
		5C5574EB2606331E001C1037 /* Assets.xcassets in Resources */ = {isa = PBXBuildFile; fileRef = 5C5574EA2606331E001C1037 /* Assets.xcassets */; };
		5C5574EE2606331E001C1037 /* Preview Assets.xcassets in Resources */ = {isa = PBXBuildFile; fileRef = 5C5574ED2606331E001C1037 /* Preview Assets.xcassets */; };
		5C5574F12606331E001C1037 /* Main.storyboard in Resources */ = {isa = PBXBuildFile; fileRef = 5C5574EF2606331E001C1037 /* Main.storyboard */; };
		5C5574FE26063D6E001C1037 /* Course.swift in Sources */ = {isa = PBXBuildFile; fileRef = 5C5574FD26063D6E001C1037 /* Course.swift */; };
		5C6C2D9226342D28000C8644 /* Concentration.swift in Sources */ = {isa = PBXBuildFile; fileRef = 5C6C2D9126342D28000C8644 /* Concentration.swift */; };
		5C6C2D9626343100000C8644 /* ContentView.swift in Sources */ = {isa = PBXBuildFile; fileRef = 5C6C2D9526343100000C8644 /* ContentView.swift */; };
		5C8D51DC260797ED00CDEAB5 /* FoundationExtensions.swift in Sources */ = {isa = PBXBuildFile; fileRef = 5C8D51DB260797ED00CDEAB5 /* FoundationExtensions.swift */; };
		5C8D51E52608D1FF00CDEAB5 /* ClassPlannerModel.swift in Sources */ = {isa = PBXBuildFile; fileRef = 5C8D51E42608D1FF00CDEAB5 /* ClassPlannerModel.swift */; };
		5C8D51E92608D26F00CDEAB5 /* CourseVM.swift in Sources */ = {isa = PBXBuildFile; fileRef = 5C8D51E82608D26F00CDEAB5 /* CourseVM.swift */; };
		5C8D51EC260907C400CDEAB5 /* CourseEditorView.swift in Sources */ = {isa = PBXBuildFile; fileRef = 5C8D51EB260907C400CDEAB5 /* CourseEditorView.swift */; };
		5C8D51F0260BE3F100CDEAB5 /* SemesterView.swift in Sources */ = {isa = PBXBuildFile; fileRef = 5C8D51EF260BE3F100CDEAB5 /* SemesterView.swift */; };
		5C9340A22632D508006AF281 /* EmptyCourseView.swift in Sources */ = {isa = PBXBuildFile; fileRef = 5C9340A12632D507006AF281 /* EmptyCourseView.swift */; };
		5C9340A526332592006AF281 /* ConcentrationView.swift in Sources */ = {isa = PBXBuildFile; fileRef = 5C9340A426332592006AF281 /* ConcentrationView.swift */; };
		5C9BA97F260FA2F200DC2D53 /* ViewModifiers.swift in Sources */ = {isa = PBXBuildFile; fileRef = 5C9BA97E260FA2F200DC2D53 /* ViewModifiers.swift */; };
		5C9BA98326122BEB00DC2D53 /* CDPublisher.swift in Sources */ = {isa = PBXBuildFile; fileRef = 5C9BA98226122BEA00DC2D53 /* CDPublisher.swift */; };
		5CEFD291264045010087A77E /* ConcentrationContainerView.swift in Sources */ = {isa = PBXBuildFile; fileRef = 5CEFD290264045010087A77E /* ConcentrationContainerView.swift */; };
/* End PBXBuildFile section */

/* Begin PBXFileReference section */
		5C04D60D263F3B0E008F20DA /* DrawingConstants.swift */ = {isa = PBXFileReference; lastKnownFileType = sourcecode.swift; path = DrawingConstants.swift; sourceTree = "<group>"; };
		5C04D611263F3E5C008F20DA /* Category.swift */ = {isa = PBXFileReference; lastKnownFileType = sourcecode.swift; path = Category.swift; sourceTree = "<group>"; };
		5C04D614263F41E5008F20DA /* CategoryView.swift */ = {isa = PBXFileReference; lastKnownFileType = sourcecode.swift; path = CategoryView.swift; sourceTree = "<group>"; };
		5C04D617263F4382008F20DA /* ConcentrationVM.swift */ = {isa = PBXFileReference; lastKnownFileType = sourcecode.swift; path = ConcentrationVM.swift; sourceTree = "<group>"; };
		5C04D61A263F4711008F20DA /* EmptyCategoryView.swift */ = {isa = PBXFileReference; lastKnownFileType = sourcecode.swift; path = EmptyCategoryView.swift; sourceTree = "<group>"; };
		5C246185262F434600A8E079 /* OldCode.swift */ = {isa = PBXFileReference; lastKnownFileType = sourcecode.swift; path = OldCode.swift; sourceTree = "<group>"; };
		5C528B63263F398F00891BE9 /* EmptyConcentrationView.swift */ = {isa = PBXFileReference; lastKnownFileType = sourcecode.swift; path = EmptyConcentrationView.swift; sourceTree = "<group>"; };
		5C5574E02606331C001C1037 /* ClassPlanner.app */ = {isa = PBXFileReference; explicitFileType = wrapper.application; includeInIndex = 0; path = ClassPlanner.app; sourceTree = BUILT_PRODUCTS_DIR; };
		5C5574E32606331C001C1037 /* AppDelegate.swift */ = {isa = PBXFileReference; lastKnownFileType = sourcecode.swift; path = AppDelegate.swift; sourceTree = "<group>"; };
		5C5574E52606331C001C1037 /* CourseView.swift */ = {isa = PBXFileReference; lastKnownFileType = sourcecode.swift; path = CourseView.swift; sourceTree = "<group>"; };
		5C5574E82606331C001C1037 /* ClassPlanner.xcdatamodel */ = {isa = PBXFileReference; lastKnownFileType = wrapper.xcdatamodel; path = ClassPlanner.xcdatamodel; sourceTree = "<group>"; };
		5C5574EA2606331E001C1037 /* Assets.xcassets */ = {isa = PBXFileReference; lastKnownFileType = folder.assetcatalog; path = Assets.xcassets; sourceTree = "<group>"; };
		5C5574ED2606331E001C1037 /* Preview Assets.xcassets */ = {isa = PBXFileReference; lastKnownFileType = folder.assetcatalog; path = "Preview Assets.xcassets"; sourceTree = "<group>"; };
		5C5574F02606331E001C1037 /* Base */ = {isa = PBXFileReference; lastKnownFileType = file.storyboard; name = Base; path = Base.lproj/Main.storyboard; sourceTree = "<group>"; };
		5C5574F22606331E001C1037 /* Info.plist */ = {isa = PBXFileReference; lastKnownFileType = text.plist.xml; path = Info.plist; sourceTree = "<group>"; };
		5C5574F32606331E001C1037 /* ClassPlanner.entitlements */ = {isa = PBXFileReference; lastKnownFileType = text.plist.entitlements; path = ClassPlanner.entitlements; sourceTree = "<group>"; };
		5C5574FD26063D6E001C1037 /* Course.swift */ = {isa = PBXFileReference; lastKnownFileType = sourcecode.swift; path = Course.swift; sourceTree = "<group>"; };
		5C6C2D9126342D28000C8644 /* Concentration.swift */ = {isa = PBXFileReference; lastKnownFileType = sourcecode.swift; path = Concentration.swift; sourceTree = "<group>"; };
		5C6C2D9526343100000C8644 /* ContentView.swift */ = {isa = PBXFileReference; lastKnownFileType = sourcecode.swift; path = ContentView.swift; sourceTree = "<group>"; };
		5C8D51DB260797ED00CDEAB5 /* FoundationExtensions.swift */ = {isa = PBXFileReference; lastKnownFileType = sourcecode.swift; path = FoundationExtensions.swift; sourceTree = "<group>"; };
		5C8D51E42608D1FF00CDEAB5 /* ClassPlannerModel.swift */ = {isa = PBXFileReference; lastKnownFileType = sourcecode.swift; path = ClassPlannerModel.swift; sourceTree = "<group>"; };
		5C8D51E82608D26F00CDEAB5 /* CourseVM.swift */ = {isa = PBXFileReference; lastKnownFileType = sourcecode.swift; path = CourseVM.swift; sourceTree = "<group>"; };
		5C8D51EB260907C400CDEAB5 /* CourseEditorView.swift */ = {isa = PBXFileReference; lastKnownFileType = sourcecode.swift; path = CourseEditorView.swift; sourceTree = "<group>"; };
		5C8D51EF260BE3F100CDEAB5 /* SemesterView.swift */ = {isa = PBXFileReference; lastKnownFileType = sourcecode.swift; path = SemesterView.swift; sourceTree = "<group>"; };
		5C9340A12632D507006AF281 /* EmptyCourseView.swift */ = {isa = PBXFileReference; lastKnownFileType = sourcecode.swift; path = EmptyCourseView.swift; sourceTree = "<group>"; };
		5C9340A426332592006AF281 /* ConcentrationView.swift */ = {isa = PBXFileReference; lastKnownFileType = sourcecode.swift; path = ConcentrationView.swift; sourceTree = "<group>"; };
		5C9BA97E260FA2F200DC2D53 /* ViewModifiers.swift */ = {isa = PBXFileReference; lastKnownFileType = sourcecode.swift; path = ViewModifiers.swift; sourceTree = "<group>"; };
		5C9BA98226122BEA00DC2D53 /* CDPublisher.swift */ = {isa = PBXFileReference; lastKnownFileType = sourcecode.swift; path = CDPublisher.swift; sourceTree = "<group>"; };
		5CEFD290264045010087A77E /* ConcentrationContainerView.swift */ = {isa = PBXFileReference; lastKnownFileType = sourcecode.swift; path = ConcentrationContainerView.swift; sourceTree = "<group>"; };
/* End PBXFileReference section */

/* Begin PBXFrameworksBuildPhase section */
		5C5574DD2606331C001C1037 /* Frameworks */ = {
			isa = PBXFrameworksBuildPhase;
			buildActionMask = 2147483647;
			files = (
			);
			runOnlyForDeploymentPostprocessing = 0;
		};
/* End PBXFrameworksBuildPhase section */

/* Begin PBXGroup section */
		5C528B66263F399600891BE9 /* Courses */ = {
			isa = PBXGroup;
			children = (
				5C5574E52606331C001C1037 /* CourseView.swift */,
				5C8D51EB260907C400CDEAB5 /* CourseEditorView.swift */,
				5C8D51EF260BE3F100CDEAB5 /* SemesterView.swift */,
				5C9340A12632D507006AF281 /* EmptyCourseView.swift */,
			);
			path = Courses;
			sourceTree = "<group>";
		};
		5C528B67263F39AD00891BE9 /* Concentrations */ = {
			isa = PBXGroup;
			children = (
				5CEFD290264045010087A77E /* ConcentrationContainerView.swift */,
				5C9340A426332592006AF281 /* ConcentrationView.swift */,
				5C04D614263F41E5008F20DA /* CategoryView.swift */,
				5C528B63263F398F00891BE9 /* EmptyConcentrationView.swift */,
				5C04D61A263F4711008F20DA /* EmptyCategoryView.swift */,
			);
			path = Concentrations;
			sourceTree = "<group>";
		};
		5C5574D72606331C001C1037 = {
			isa = PBXGroup;
			children = (
				5C5574E22606331C001C1037 /* ClassPlanner */,
				5C5574E12606331C001C1037 /* Products */,
			);
			sourceTree = "<group>";
		};
		5C5574E12606331C001C1037 /* Products */ = {
			isa = PBXGroup;
			children = (
				5C5574E02606331C001C1037 /* ClassPlanner.app */,
			);
			name = Products;
			sourceTree = "<group>";
		};
		5C5574E22606331C001C1037 /* ClassPlanner */ = {
			isa = PBXGroup;
			children = (
				5C5574E32606331C001C1037 /* AppDelegate.swift */,
				5C8D51EE260BE3C200CDEAB5 /* Views */,
				5CEEE813260BE58900F6A8B2 /* Models */,
				5C6C2D9026342D0A000C8644 /* ViewModels */,
				5C246185262F434600A8E079 /* OldCode.swift */,
				5C5574EA2606331E001C1037 /* Assets.xcassets */,
				5C8D51DB260797ED00CDEAB5 /* FoundationExtensions.swift */,
				5C9BA98226122BEA00DC2D53 /* CDPublisher.swift */,
				5C9BA97E260FA2F200DC2D53 /* ViewModifiers.swift */,
				5C5574EF2606331E001C1037 /* Main.storyboard */,
				5C5574F22606331E001C1037 /* Info.plist */,
				5C5574F32606331E001C1037 /* ClassPlanner.entitlements */,
				5C5574E72606331C001C1037 /* ClassPlanner.xcdatamodeld */,
				5C5574EC2606331E001C1037 /* Preview Content */,
			);
			path = ClassPlanner;
			sourceTree = "<group>";
		};
		5C5574EC2606331E001C1037 /* Preview Content */ = {
			isa = PBXGroup;
			children = (
				5C5574ED2606331E001C1037 /* Preview Assets.xcassets */,
			);
			path = "Preview Content";
			sourceTree = "<group>";
		};
		5C6C2D9026342D0A000C8644 /* ViewModels */ = {
			isa = PBXGroup;
			children = (
				5C8D51E82608D26F00CDEAB5 /* CourseVM.swift */,
				5C04D617263F4382008F20DA /* ConcentrationVM.swift */,
			);
			path = ViewModels;
			sourceTree = "<group>";
		};
		5C8D51EE260BE3C200CDEAB5 /* Views */ = {
			isa = PBXGroup;
			children = (
				5C04D60D263F3B0E008F20DA /* DrawingConstants.swift */,
				5C6C2D9526343100000C8644 /* ContentView.swift */,
				5C528B66263F399600891BE9 /* Courses */,
				5C528B67263F39AD00891BE9 /* Concentrations */,
			);
			path = Views;
			sourceTree = "<group>";
		};
		5CEEE813260BE58900F6A8B2 /* Models */ = {
			isa = PBXGroup;
			children = (
				5C8D51E42608D1FF00CDEAB5 /* ClassPlannerModel.swift */,
				5C5574FD26063D6E001C1037 /* Course.swift */,
				5C6C2D9126342D28000C8644 /* Concentration.swift */,
				5C04D611263F3E5C008F20DA /* Category.swift */,
			);
			path = Models;
			sourceTree = "<group>";
		};
/* End PBXGroup section */

/* Begin PBXNativeTarget section */
		5C5574DF2606331C001C1037 /* ClassPlanner */ = {
			isa = PBXNativeTarget;
			buildConfigurationList = 5C5574F62606331E001C1037 /* Build configuration list for PBXNativeTarget "ClassPlanner" */;
			buildPhases = (
				5C5574DC2606331C001C1037 /* Sources */,
				5C5574DD2606331C001C1037 /* Frameworks */,
				5C5574DE2606331C001C1037 /* Resources */,
			);
			buildRules = (
			);
			dependencies = (
			);
			name = ClassPlanner;
			productName = ClassPlanner;
			productReference = 5C5574E02606331C001C1037 /* ClassPlanner.app */;
			productType = "com.apple.product-type.application";
		};
/* End PBXNativeTarget section */

/* Begin PBXProject section */
		5C5574D82606331C001C1037 /* Project object */ = {
			isa = PBXProject;
			attributes = {
				LastSwiftUpdateCheck = 1230;
				LastUpgradeCheck = 1230;
				TargetAttributes = {
					5C5574DF2606331C001C1037 = {
						CreatedOnToolsVersion = 12.3;
					};
				};
			};
			buildConfigurationList = 5C5574DB2606331C001C1037 /* Build configuration list for PBXProject "ClassPlanner" */;
			compatibilityVersion = "Xcode 9.3";
			developmentRegion = en;
			hasScannedForEncodings = 0;
			knownRegions = (
				en,
				Base,
			);
			mainGroup = 5C5574D72606331C001C1037;
			productRefGroup = 5C5574E12606331C001C1037 /* Products */;
			projectDirPath = "";
			projectRoot = "";
			targets = (
				5C5574DF2606331C001C1037 /* ClassPlanner */,
			);
		};
/* End PBXProject section */

/* Begin PBXResourcesBuildPhase section */
		5C5574DE2606331C001C1037 /* Resources */ = {
			isa = PBXResourcesBuildPhase;
			buildActionMask = 2147483647;
			files = (
				5C5574F12606331E001C1037 /* Main.storyboard in Resources */,
				5C5574EE2606331E001C1037 /* Preview Assets.xcassets in Resources */,
				5C5574EB2606331E001C1037 /* Assets.xcassets in Resources */,
			);
			runOnlyForDeploymentPostprocessing = 0;
		};
/* End PBXResourcesBuildPhase section */

/* Begin PBXSourcesBuildPhase section */
		5C5574DC2606331C001C1037 /* Sources */ = {
			isa = PBXSourcesBuildPhase;
			buildActionMask = 2147483647;
			files = (
				5C528B64263F398F00891BE9 /* EmptyConcentrationView.swift in Sources */,
				5C5574FE26063D6E001C1037 /* Course.swift in Sources */,
				5C04D60E263F3B0E008F20DA /* DrawingConstants.swift in Sources */,
				5C8D51DC260797ED00CDEAB5 /* FoundationExtensions.swift in Sources */,
				5C6C2D9626343100000C8644 /* ContentView.swift in Sources */,
				5C5574E92606331C001C1037 /* ClassPlanner.xcdatamodeld in Sources */,
				5C04D618263F4382008F20DA /* ConcentrationVM.swift in Sources */,
				5C8D51F0260BE3F100CDEAB5 /* SemesterView.swift in Sources */,
				5C5574E62606331C001C1037 /* CourseView.swift in Sources */,
				5C04D615263F41E5008F20DA /* CategoryView.swift in Sources */,
				5C9340A22632D508006AF281 /* EmptyCourseView.swift in Sources */,
				5C04D61B263F4711008F20DA /* EmptyCategoryView.swift in Sources */,
				5CEFD291264045010087A77E /* ConcentrationContainerView.swift in Sources */,
				5C9340A526332592006AF281 /* ConcentrationView.swift in Sources */,
				5C04D612263F3E5C008F20DA /* Category.swift in Sources */,
				5C9BA97F260FA2F200DC2D53 /* ViewModifiers.swift in Sources */,
				5C246186262F434600A8E079 /* OldCode.swift in Sources */,
				5C8D51EC260907C400CDEAB5 /* CourseEditorView.swift in Sources */,
				5C5574E42606331C001C1037 /* AppDelegate.swift in Sources */,
				5C6C2D9226342D28000C8644 /* Concentration.swift in Sources */,
				5C9BA98326122BEB00DC2D53 /* CDPublisher.swift in Sources */,
				5C8D51E92608D26F00CDEAB5 /* CourseVM.swift in Sources */,
				5C8D51E52608D1FF00CDEAB5 /* ClassPlannerModel.swift in Sources */,
			);
			runOnlyForDeploymentPostprocessing = 0;
		};
/* End PBXSourcesBuildPhase section */

/* Begin PBXVariantGroup section */
		5C5574EF2606331E001C1037 /* Main.storyboard */ = {
			isa = PBXVariantGroup;
			children = (
				5C5574F02606331E001C1037 /* Base */,
			);
			name = Main.storyboard;
			sourceTree = "<group>";
		};
/* End PBXVariantGroup section */

/* Begin XCBuildConfiguration section */
		5C5574F42606331E001C1037 /* Debug */ = {
			isa = XCBuildConfiguration;
			buildSettings = {
				ALWAYS_SEARCH_USER_PATHS = NO;
				CLANG_ANALYZER_NONNULL = YES;
				CLANG_ANALYZER_NUMBER_OBJECT_CONVERSION = YES_AGGRESSIVE;
				CLANG_CXX_LANGUAGE_STANDARD = "gnu++14";
				CLANG_CXX_LIBRARY = "libc++";
				CLANG_ENABLE_MODULES = YES;
				CLANG_ENABLE_OBJC_ARC = YES;
				CLANG_ENABLE_OBJC_WEAK = YES;
				CLANG_WARN_BLOCK_CAPTURE_AUTORELEASING = YES;
				CLANG_WARN_BOOL_CONVERSION = YES;
				CLANG_WARN_COMMA = YES;
				CLANG_WARN_CONSTANT_CONVERSION = YES;
				CLANG_WARN_DEPRECATED_OBJC_IMPLEMENTATIONS = YES;
				CLANG_WARN_DIRECT_OBJC_ISA_USAGE = YES_ERROR;
				CLANG_WARN_DOCUMENTATION_COMMENTS = YES;
				CLANG_WARN_EMPTY_BODY = YES;
				CLANG_WARN_ENUM_CONVERSION = YES;
				CLANG_WARN_INFINITE_RECURSION = YES;
				CLANG_WARN_INT_CONVERSION = YES;
				CLANG_WARN_NON_LITERAL_NULL_CONVERSION = YES;
				CLANG_WARN_OBJC_IMPLICIT_RETAIN_SELF = YES;
				CLANG_WARN_OBJC_LITERAL_CONVERSION = YES;
				CLANG_WARN_OBJC_ROOT_CLASS = YES_ERROR;
				CLANG_WARN_QUOTED_INCLUDE_IN_FRAMEWORK_HEADER = YES;
				CLANG_WARN_RANGE_LOOP_ANALYSIS = YES;
				CLANG_WARN_STRICT_PROTOTYPES = YES;
				CLANG_WARN_SUSPICIOUS_MOVE = YES;
				CLANG_WARN_UNGUARDED_AVAILABILITY = YES_AGGRESSIVE;
				CLANG_WARN_UNREACHABLE_CODE = YES;
				CLANG_WARN__DUPLICATE_METHOD_MATCH = YES;
				COPY_PHASE_STRIP = NO;
				DEBUG_INFORMATION_FORMAT = dwarf;
				ENABLE_STRICT_OBJC_MSGSEND = YES;
				ENABLE_TESTABILITY = YES;
				GCC_C_LANGUAGE_STANDARD = gnu11;
				GCC_DYNAMIC_NO_PIC = NO;
				GCC_NO_COMMON_BLOCKS = YES;
				GCC_OPTIMIZATION_LEVEL = 0;
				GCC_PREPROCESSOR_DEFINITIONS = (
					"DEBUG=1",
					"$(inherited)",
				);
				GCC_WARN_64_TO_32_BIT_CONVERSION = YES;
				GCC_WARN_ABOUT_RETURN_TYPE = YES_ERROR;
				GCC_WARN_UNDECLARED_SELECTOR = YES;
				GCC_WARN_UNINITIALIZED_AUTOS = YES_AGGRESSIVE;
				GCC_WARN_UNUSED_FUNCTION = YES;
				GCC_WARN_UNUSED_VARIABLE = YES;
				MACOSX_DEPLOYMENT_TARGET = 10.15;
				MTL_ENABLE_DEBUG_INFO = INCLUDE_SOURCE;
				MTL_FAST_MATH = YES;
				ONLY_ACTIVE_ARCH = YES;
				SDKROOT = macosx;
				SWIFT_ACTIVE_COMPILATION_CONDITIONS = DEBUG;
				SWIFT_OPTIMIZATION_LEVEL = "-Onone";
			};
			name = Debug;
		};
		5C5574F52606331E001C1037 /* Release */ = {
			isa = XCBuildConfiguration;
			buildSettings = {
				ALWAYS_SEARCH_USER_PATHS = NO;
				CLANG_ANALYZER_NONNULL = YES;
				CLANG_ANALYZER_NUMBER_OBJECT_CONVERSION = YES_AGGRESSIVE;
				CLANG_CXX_LANGUAGE_STANDARD = "gnu++14";
				CLANG_CXX_LIBRARY = "libc++";
				CLANG_ENABLE_MODULES = YES;
				CLANG_ENABLE_OBJC_ARC = YES;
				CLANG_ENABLE_OBJC_WEAK = YES;
				CLANG_WARN_BLOCK_CAPTURE_AUTORELEASING = YES;
				CLANG_WARN_BOOL_CONVERSION = YES;
				CLANG_WARN_COMMA = YES;
				CLANG_WARN_CONSTANT_CONVERSION = YES;
				CLANG_WARN_DEPRECATED_OBJC_IMPLEMENTATIONS = YES;
				CLANG_WARN_DIRECT_OBJC_ISA_USAGE = YES_ERROR;
				CLANG_WARN_DOCUMENTATION_COMMENTS = YES;
				CLANG_WARN_EMPTY_BODY = YES;
				CLANG_WARN_ENUM_CONVERSION = YES;
				CLANG_WARN_INFINITE_RECURSION = YES;
				CLANG_WARN_INT_CONVERSION = YES;
				CLANG_WARN_NON_LITERAL_NULL_CONVERSION = YES;
				CLANG_WARN_OBJC_IMPLICIT_RETAIN_SELF = YES;
				CLANG_WARN_OBJC_LITERAL_CONVERSION = YES;
				CLANG_WARN_OBJC_ROOT_CLASS = YES_ERROR;
				CLANG_WARN_QUOTED_INCLUDE_IN_FRAMEWORK_HEADER = YES;
				CLANG_WARN_RANGE_LOOP_ANALYSIS = YES;
				CLANG_WARN_STRICT_PROTOTYPES = YES;
				CLANG_WARN_SUSPICIOUS_MOVE = YES;
				CLANG_WARN_UNGUARDED_AVAILABILITY = YES_AGGRESSIVE;
				CLANG_WARN_UNREACHABLE_CODE = YES;
				CLANG_WARN__DUPLICATE_METHOD_MATCH = YES;
				COPY_PHASE_STRIP = NO;
				DEBUG_INFORMATION_FORMAT = "dwarf-with-dsym";
				ENABLE_NS_ASSERTIONS = NO;
				ENABLE_STRICT_OBJC_MSGSEND = YES;
				GCC_C_LANGUAGE_STANDARD = gnu11;
				GCC_NO_COMMON_BLOCKS = YES;
				GCC_WARN_64_TO_32_BIT_CONVERSION = YES;
				GCC_WARN_ABOUT_RETURN_TYPE = YES_ERROR;
				GCC_WARN_UNDECLARED_SELECTOR = YES;
				GCC_WARN_UNINITIALIZED_AUTOS = YES_AGGRESSIVE;
				GCC_WARN_UNUSED_FUNCTION = YES;
				GCC_WARN_UNUSED_VARIABLE = YES;
				MACOSX_DEPLOYMENT_TARGET = 10.15;
				MTL_ENABLE_DEBUG_INFO = NO;
				MTL_FAST_MATH = YES;
				SDKROOT = macosx;
				SWIFT_COMPILATION_MODE = wholemodule;
				SWIFT_OPTIMIZATION_LEVEL = "-O";
			};
			name = Release;
		};
		5C5574F72606331E001C1037 /* Debug */ = {
			isa = XCBuildConfiguration;
			buildSettings = {
				ASSETCATALOG_COMPILER_APPICON_NAME = AppIcon;
				ASSETCATALOG_COMPILER_GLOBAL_ACCENT_COLOR_NAME = AccentColor;
				CODE_SIGN_ENTITLEMENTS = ClassPlanner/ClassPlanner.entitlements;
				CODE_SIGN_STYLE = Automatic;
				COMBINE_HIDPI_IMAGES = YES;
				DEVELOPMENT_ASSET_PATHS = "\"ClassPlanner/Preview Content\"";
				ENABLE_PREVIEWS = YES;
				INFOPLIST_FILE = ClassPlanner/Info.plist;
				LD_RUNPATH_SEARCH_PATHS = (
					"$(inherited)",
					"@executable_path/../Frameworks",
				);
				MACOSX_DEPLOYMENT_TARGET = 10.15;
				PRODUCT_BUNDLE_IDENTIFIER = com.tewoldetechnology.ClassPlanner;
				PRODUCT_NAME = "$(TARGET_NAME)";
				SWIFT_VERSION = 5.0;
			};
			name = Debug;
		};
		5C5574F82606331E001C1037 /* Release */ = {
			isa = XCBuildConfiguration;
			buildSettings = {
				ASSETCATALOG_COMPILER_APPICON_NAME = AppIcon;
				ASSETCATALOG_COMPILER_GLOBAL_ACCENT_COLOR_NAME = AccentColor;
				CODE_SIGN_ENTITLEMENTS = ClassPlanner/ClassPlanner.entitlements;
				CODE_SIGN_STYLE = Automatic;
				COMBINE_HIDPI_IMAGES = YES;
				DEVELOPMENT_ASSET_PATHS = "\"ClassPlanner/Preview Content\"";
				ENABLE_PREVIEWS = YES;
				INFOPLIST_FILE = ClassPlanner/Info.plist;
				LD_RUNPATH_SEARCH_PATHS = (
					"$(inherited)",
					"@executable_path/../Frameworks",
				);
				MACOSX_DEPLOYMENT_TARGET = 10.15;
				PRODUCT_BUNDLE_IDENTIFIER = com.tewoldetechnology.ClassPlanner;
				PRODUCT_NAME = "$(TARGET_NAME)";
				SWIFT_VERSION = 5.0;
			};
			name = Release;
		};
/* End XCBuildConfiguration section */

/* Begin XCConfigurationList section */
		5C5574DB2606331C001C1037 /* Build configuration list for PBXProject "ClassPlanner" */ = {
			isa = XCConfigurationList;
			buildConfigurations = (
				5C5574F42606331E001C1037 /* Debug */,
				5C5574F52606331E001C1037 /* Release */,
			);
			defaultConfigurationIsVisible = 0;
			defaultConfigurationName = Release;
		};
		5C5574F62606331E001C1037 /* Build configuration list for PBXNativeTarget "ClassPlanner" */ = {
			isa = XCConfigurationList;
			buildConfigurations = (
				5C5574F72606331E001C1037 /* Debug */,
				5C5574F82606331E001C1037 /* Release */,
			);
			defaultConfigurationIsVisible = 0;
			defaultConfigurationName = Release;
		};
/* End XCConfigurationList section */

/* Begin XCVersionGroup section */
		5C5574E72606331C001C1037 /* ClassPlanner.xcdatamodeld */ = {
			isa = XCVersionGroup;
			children = (
				5C5574E82606331C001C1037 /* ClassPlanner.xcdatamodel */,
			);
			currentVersion = 5C5574E82606331C001C1037 /* ClassPlanner.xcdatamodel */;
			path = ClassPlanner.xcdatamodeld;
			sourceTree = "<group>";
			versionGroupType = wrapper.xcdatamodel;
		};
/* End XCVersionGroup section */
	};
	rootObject = 5C5574D82606331C001C1037 /* Project object */;
}
