// !$*UTF8*$!
{
	archiveVersion = 1;
	classes = {
	};
	objectVersion = 50;
	objects = {

/* Begin PBXBuildFile section */
		5C04D60E263F3B0E008F20DA /* DrawingConstants.swift in Sources */ = {isa = PBXBuildFile; fileRef = 5C04D60D263F3B0E008F20DA /* DrawingConstants.swift */; };
		5C04D612263F3E5C008F20DA /* Category.swift in Sources */ = {isa = PBXBuildFile; fileRef = 5C04D611263F3E5C008F20DA /* Category.swift */; };
		5C04D615263F41E5008F20DA /* CategoryView.swift in Sources */ = {isa = PBXBuildFile; fileRef = 5C04D614263F41E5008F20DA /* CategoryView.swift */; };
		5C04D61B263F4711008F20DA /* EmptyCategoryView.swift in Sources */ = {isa = PBXBuildFile; fileRef = 5C04D61A263F4711008F20DA /* EmptyCategoryView.swift */; };
		5C0B8337266642B5004049E1 /* ScheduleEditor.swift in Sources */ = {isa = PBXBuildFile; fileRef = 5C0B8336266642B5004049E1 /* ScheduleEditor.swift */; };
		5C0F9CCC26A76A750029DFDB /* HarvardGeneralRequirements.swift in Sources */ = {isa = PBXBuildFile; fileRef = 5C0F9CCB26A76A750029DFDB /* HarvardGeneralRequirements.swift */; };
		5C13FB9F2668F3EF003313ED /* CourseSuggestionVM.swift in Sources */ = {isa = PBXBuildFile; fileRef = 5C13FB9E2668F3EF003313ED /* CourseSuggestionVM.swift */; };
		5C13FBA22669030C003313ED /* SharedVM.swift in Sources */ = {isa = PBXBuildFile; fileRef = 5C13FBA12669030C003313ED /* SharedVM.swift */; };
		5C13FBA7266921D8003313ED /* ConcentrationStoreView.swift in Sources */ = {isa = PBXBuildFile; fileRef = 5C13FBA6266921D8003313ED /* ConcentrationStoreView.swift */; };
		5C16AC3D264E92AE0075727A /* DoubleTextField.swift in Sources */ = {isa = PBXBuildFile; fileRef = 5C16AC3C264E92AE0075727A /* DoubleTextField.swift */; };
		5C172DF72653BDC500BC0A87 /* ScheduleStore.swift in Sources */ = {isa = PBXBuildFile; fileRef = 5C172DF62653BDC500BC0A87 /* ScheduleStore.swift */; };
		5C246186262F434600A8E079 /* OldCode.swift in Sources */ = {isa = PBXBuildFile; fileRef = 5C246185262F434600A8E079 /* OldCode.swift */; };
		5C353862269F82A800011993 /* PrereqSuggestionVM.swift in Sources */ = {isa = PBXBuildFile; fileRef = 5C353861269F82A800011993 /* PrereqSuggestionVM.swift */; };
		5C528B64263F398F00891BE9 /* EmptyConcentrationView.swift in Sources */ = {isa = PBXBuildFile; fileRef = 5C528B63263F398F00891BE9 /* EmptyConcentrationView.swift */; };
		5C5574E42606331C001C1037 /* AppDelegate.swift in Sources */ = {isa = PBXBuildFile; fileRef = 5C5574E32606331C001C1037 /* AppDelegate.swift */; };
		5C5574E62606331C001C1037 /* CourseView.swift in Sources */ = {isa = PBXBuildFile; fileRef = 5C5574E52606331C001C1037 /* CourseView.swift */; };
		5C5574E92606331C001C1037 /* ClassPlanner.xcdatamodeld in Sources */ = {isa = PBXBuildFile; fileRef = 5C5574E72606331C001C1037 /* ClassPlanner.xcdatamodeld */; };
		5C5574EB2606331E001C1037 /* Assets.xcassets in Resources */ = {isa = PBXBuildFile; fileRef = 5C5574EA2606331E001C1037 /* Assets.xcassets */; };
		5C5574EE2606331E001C1037 /* Preview Assets.xcassets in Resources */ = {isa = PBXBuildFile; fileRef = 5C5574ED2606331E001C1037 /* Preview Assets.xcassets */; };
		5C5574F12606331E001C1037 /* Main.storyboard in Resources */ = {isa = PBXBuildFile; fileRef = 5C5574EF2606331E001C1037 /* Main.storyboard */; };
		5C5574FE26063D6E001C1037 /* Course.swift in Sources */ = {isa = PBXBuildFile; fileRef = 5C5574FD26063D6E001C1037 /* Course.swift */; };
		5C67135A264C259200491C1C /* SearchTextField.swift in Sources */ = {isa = PBXBuildFile; fileRef = 5C671359264C259200491C1C /* SearchTextField.swift */; };
		5C6C2D9226342D28000C8644 /* Concentration.swift in Sources */ = {isa = PBXBuildFile; fileRef = 5C6C2D9126342D28000C8644 /* Concentration.swift */; };
		5C6C2D9626343100000C8644 /* ContentView.swift in Sources */ = {isa = PBXBuildFile; fileRef = 5C6C2D9526343100000C8644 /* ContentView.swift */; };
		5C75EC5A26AD6BEB0030C225 /* ConcentrationOnboardingView.swift in Sources */ = {isa = PBXBuildFile; fileRef = 5C75EC5926AD6BEB0030C225 /* ConcentrationOnboardingView.swift */; };
		5C75EC5D26AD9B6C0030C225 /* CourseEditorOnboarding.swift in Sources */ = {isa = PBXBuildFile; fileRef = 5C75EC5C26AD9B6C0030C225 /* CourseEditorOnboarding.swift */; };
		5C75EC5F26ADF46A0030C225 /* CategoryOnboardingView.swift in Sources */ = {isa = PBXBuildFile; fileRef = 5C75EC5E26ADF46A0030C225 /* CategoryOnboardingView.swift */; };
		5C8B4CB92653D01500E877D8 /* ScheduleStoreView.swift in Sources */ = {isa = PBXBuildFile; fileRef = 5C8B4CB82653D01500E877D8 /* ScheduleStoreView.swift */; };
		5C8B4CBC2653D37B00E877D8 /* CourseStore.swift in Sources */ = {isa = PBXBuildFile; fileRef = 5C8B4CBB2653D37B00E877D8 /* CourseStore.swift */; };
		5C8D51DC260797ED00CDEAB5 /* FoundationExtensions.swift in Sources */ = {isa = PBXBuildFile; fileRef = 5C8D51DB260797ED00CDEAB5 /* FoundationExtensions.swift */; };
		5C8D51E52608D1FF00CDEAB5 /* ScheduleModel.swift in Sources */ = {isa = PBXBuildFile; fileRef = 5C8D51E42608D1FF00CDEAB5 /* ScheduleModel.swift */; };
		5C8D51E92608D26F00CDEAB5 /* ScheduleVM.swift in Sources */ = {isa = PBXBuildFile; fileRef = 5C8D51E82608D26F00CDEAB5 /* ScheduleVM.swift */; };
		5C8D51EC260907C400CDEAB5 /* CourseEditorView.swift in Sources */ = {isa = PBXBuildFile; fileRef = 5C8D51EB260907C400CDEAB5 /* CourseEditorView.swift */; };
		5C8D51F0260BE3F100CDEAB5 /* SemesterView.swift in Sources */ = {isa = PBXBuildFile; fileRef = 5C8D51EF260BE3F100CDEAB5 /* SemesterView.swift */; };
		5C8E5CF92652CCFF00FC3CAC /* SharedProperties.swift in Sources */ = {isa = PBXBuildFile; fileRef = 5C8E5CF82652CCFF00FC3CAC /* SharedProperties.swift */; };
		5C9340A22632D508006AF281 /* EmptyCourseView.swift in Sources */ = {isa = PBXBuildFile; fileRef = 5C9340A12632D507006AF281 /* EmptyCourseView.swift */; };
		5C9340A526332592006AF281 /* ConcentrationView.swift in Sources */ = {isa = PBXBuildFile; fileRef = 5C9340A426332592006AF281 /* ConcentrationView.swift */; };
		5CA168E6267BD80300E254F9 /* VisualEffectBlur.swift in Sources */ = {isa = PBXBuildFile; fileRef = 5CA168E5267BD80300E254F9 /* VisualEffectBlur.swift */; };
		5CAA1EA4266A961700E7F0D8 /* ConcentrationEditorView.swift in Sources */ = {isa = PBXBuildFile; fileRef = 5CAA1EA3266A961700E7F0D8 /* ConcentrationEditorView.swift */; };
		5CAAFCA5266A880200A1FC9E /* CategorySuggestionVM.swift in Sources */ = {isa = PBXBuildFile; fileRef = 5CAAFCA4266A880200A1FC9E /* CategorySuggestionVM.swift */; };
		5CAF0966266CEA3C00BCCB99 /* CategoryContainer.swift in Sources */ = {isa = PBXBuildFile; fileRef = 5CAF0965266CEA3C00BCCB99 /* CategoryContainer.swift */; };
		5CAF096C266D47FE00BCCB99 /* SharedPanel.swift in Sources */ = {isa = PBXBuildFile; fileRef = 5CAF096B266D47FE00BCCB99 /* SharedPanel.swift */; };
		5CB1F0FF266A6D2B0095EA9D /* ConditionalScrollView.swift in Sources */ = {isa = PBXBuildFile; fileRef = 5CB1F0FE266A6D2B0095EA9D /* ConditionalScrollView.swift */; };
		5CB1F106266A78410095EA9D /* ScheduleCourseView.swift in Sources */ = {isa = PBXBuildFile; fileRef = 5CB1F105266A78410095EA9D /* ScheduleCourseView.swift */; };
		5CB9A33D265E338000DFB021 /* CustomTabView.swift in Sources */ = {isa = PBXBuildFile; fileRef = 5CB9A33C265E338000DFB021 /* CustomTabView.swift */; };
		5CC8F7A726543FAD00EDE501 /* ScheduleView.swift in Sources */ = {isa = PBXBuildFile; fileRef = 5CC8F7A626543FAD00EDE501 /* ScheduleView.swift */; };
		5CC8F7AA2654404D00EDE501 /* ConcentrationVM.swift in Sources */ = {isa = PBXBuildFile; fileRef = 5CC8F7A92654404D00EDE501 /* ConcentrationVM.swift */; };
		5CC8F7BE2657CC2900EDE501 /* SuggestionInput.swift in Sources */ = {isa = PBXBuildFile; fileRef = 5CC8F7B82657CC2800EDE501 /* SuggestionInput.swift */; };
		5CC8F7BF2657CC2900EDE501 /* SuggestionsView.swift in Sources */ = {isa = PBXBuildFile; fileRef = 5CC8F7B92657CC2800EDE501 /* SuggestionsView.swift */; };
		5CC8F7C12657CC2900EDE501 /* SuggestionTextField.swift in Sources */ = {isa = PBXBuildFile; fileRef = 5CC8F7BB2657CC2900EDE501 /* SuggestionTextField.swift */; };
		5CC8F7C22657CC2900EDE501 /* SuggestionsModel.swift in Sources */ = {isa = PBXBuildFile; fileRef = 5CC8F7BC2657CC2900EDE501 /* SuggestionsModel.swift */; };
		5CC8F7C32657CC2900EDE501 /* BorderlessWindow.swift in Sources */ = {isa = PBXBuildFile; fileRef = 5CC8F7BD2657CC2900EDE501 /* BorderlessWindow.swift */; };
		5CC8F7C62657D9BD00EDE501 /* SearchModel.swift in Sources */ = {isa = PBXBuildFile; fileRef = 5CC8F7C52657D9BD00EDE501 /* SearchModel.swift */; };
		5CE46F4B264FDF2800350D7C /* Enums.swift in Sources */ = {isa = PBXBuildFile; fileRef = 5CE46F4A264FDF2800350D7C /* Enums.swift */; };
		5CE46F502650235C00350D7C /* Columns.swift in Sources */ = {isa = PBXBuildFile; fileRef = 5CE46F4F2650235B00350D7C /* Columns.swift */; };
		5CE46F552651379200350D7C /* DragVM.swift in Sources */ = {isa = PBXBuildFile; fileRef = 5CE46F542651379200350D7C /* DragVM.swift */; };
		5CE73933264EF40200221D81 /* IntTextField.swift in Sources */ = {isa = PBXBuildFile; fileRef = 5CE73932264EF40200221D81 /* IntTextField.swift */; };
		5CE73937264FC4A500221D81 /* PanelView.swift in Sources */ = {isa = PBXBuildFile; fileRef = 5CE73936264FC4A500221D81 /* PanelView.swift */; };
		5CE7393D264FD2A300221D81 /* CourseStoreView.swift in Sources */ = {isa = PBXBuildFile; fileRef = 5CE7393C264FD2A300221D81 /* CourseStoreView.swift */; };
		5CEC81CA264C1A1800B2B03E /* NetworkSearch.swift in Sources */ = {isa = PBXBuildFile; fileRef = 5CEC81C9264C1A1800B2B03E /* NetworkSearch.swift */; };
		5CEF027F26A4BF850086A044 /* ScheduleOnboardingView.swift in Sources */ = {isa = PBXBuildFile; fileRef = 5CEF027E26A4BF850086A044 /* ScheduleOnboardingView.swift */; };
		5CEFD291264045010087A77E /* ConcentrationContainerView.swift in Sources */ = {isa = PBXBuildFile; fileRef = 5CEFD290264045010087A77E /* ConcentrationContainerView.swift */; };
		5CF96E4126480BB200314288 /* CategoryEditorView.swift in Sources */ = {isa = PBXBuildFile; fileRef = 5CF96E4026480BB200314288 /* CategoryEditorView.swift */; };
/* End PBXBuildFile section */

/* Begin PBXFileReference section */
		5C04D60D263F3B0E008F20DA /* DrawingConstants.swift */ = {isa = PBXFileReference; lastKnownFileType = sourcecode.swift; path = DrawingConstants.swift; sourceTree = "<group>"; };
		5C04D611263F3E5C008F20DA /* Category.swift */ = {isa = PBXFileReference; lastKnownFileType = sourcecode.swift; path = Category.swift; sourceTree = "<group>"; };
		5C04D614263F41E5008F20DA /* CategoryView.swift */ = {isa = PBXFileReference; lastKnownFileType = sourcecode.swift; path = CategoryView.swift; sourceTree = "<group>"; };
		5C04D61A263F4711008F20DA /* EmptyCategoryView.swift */ = {isa = PBXFileReference; lastKnownFileType = sourcecode.swift; path = EmptyCategoryView.swift; sourceTree = "<group>"; };
		5C0B8336266642B5004049E1 /* ScheduleEditor.swift */ = {isa = PBXFileReference; lastKnownFileType = sourcecode.swift; path = ScheduleEditor.swift; sourceTree = "<group>"; };
		5C0F9CCB26A76A750029DFDB /* HarvardGeneralRequirements.swift */ = {isa = PBXFileReference; lastKnownFileType = sourcecode.swift; path = HarvardGeneralRequirements.swift; sourceTree = "<group>"; };
		5C13FB9E2668F3EF003313ED /* CourseSuggestionVM.swift */ = {isa = PBXFileReference; fileEncoding = 4; lastKnownFileType = sourcecode.swift; path = CourseSuggestionVM.swift; sourceTree = "<group>"; };
		5C13FBA12669030C003313ED /* SharedVM.swift */ = {isa = PBXFileReference; lastKnownFileType = sourcecode.swift; path = SharedVM.swift; sourceTree = "<group>"; };
		5C13FBA6266921D8003313ED /* ConcentrationStoreView.swift */ = {isa = PBXFileReference; lastKnownFileType = sourcecode.swift; path = ConcentrationStoreView.swift; sourceTree = "<group>"; };
		5C16AC3C264E92AE0075727A /* DoubleTextField.swift */ = {isa = PBXFileReference; lastKnownFileType = sourcecode.swift; path = DoubleTextField.swift; sourceTree = "<group>"; };
		5C172DF62653BDC500BC0A87 /* ScheduleStore.swift */ = {isa = PBXFileReference; lastKnownFileType = sourcecode.swift; path = ScheduleStore.swift; sourceTree = "<group>"; };
		5C246185262F434600A8E079 /* OldCode.swift */ = {isa = PBXFileReference; lastKnownFileType = sourcecode.swift; path = OldCode.swift; sourceTree = "<group>"; };
		5C353861269F82A800011993 /* PrereqSuggestionVM.swift */ = {isa = PBXFileReference; lastKnownFileType = sourcecode.swift; path = PrereqSuggestionVM.swift; sourceTree = "<group>"; };
		5C528B63263F398F00891BE9 /* EmptyConcentrationView.swift */ = {isa = PBXFileReference; lastKnownFileType = sourcecode.swift; path = EmptyConcentrationView.swift; sourceTree = "<group>"; };
		5C5574E02606331C001C1037 /* ClassPlanner.app */ = {isa = PBXFileReference; explicitFileType = wrapper.application; includeInIndex = 0; path = ClassPlanner.app; sourceTree = BUILT_PRODUCTS_DIR; };
		5C5574E32606331C001C1037 /* AppDelegate.swift */ = {isa = PBXFileReference; lastKnownFileType = sourcecode.swift; path = AppDelegate.swift; sourceTree = "<group>"; };
		5C5574E52606331C001C1037 /* CourseView.swift */ = {isa = PBXFileReference; lastKnownFileType = sourcecode.swift; path = CourseView.swift; sourceTree = "<group>"; };
		5C5574E82606331C001C1037 /* ClassPlanner.xcdatamodel */ = {isa = PBXFileReference; lastKnownFileType = wrapper.xcdatamodel; path = ClassPlanner.xcdatamodel; sourceTree = "<group>"; };
		5C5574EA2606331E001C1037 /* Assets.xcassets */ = {isa = PBXFileReference; lastKnownFileType = folder.assetcatalog; path = Assets.xcassets; sourceTree = "<group>"; };
		5C5574ED2606331E001C1037 /* Preview Assets.xcassets */ = {isa = PBXFileReference; lastKnownFileType = folder.assetcatalog; path = "Preview Assets.xcassets"; sourceTree = "<group>"; };
		5C5574F02606331E001C1037 /* Base */ = {isa = PBXFileReference; lastKnownFileType = file.storyboard; name = Base; path = Base.lproj/Main.storyboard; sourceTree = "<group>"; };
		5C5574F22606331E001C1037 /* Info.plist */ = {isa = PBXFileReference; lastKnownFileType = text.plist.xml; path = Info.plist; sourceTree = "<group>"; };
		5C5574F32606331E001C1037 /* ClassPlanner.entitlements */ = {isa = PBXFileReference; lastKnownFileType = text.plist.entitlements; path = ClassPlanner.entitlements; sourceTree = "<group>"; };
		5C5574FD26063D6E001C1037 /* Course.swift */ = {isa = PBXFileReference; lastKnownFileType = sourcecode.swift; path = Course.swift; sourceTree = "<group>"; };
		5C671359264C259200491C1C /* SearchTextField.swift */ = {isa = PBXFileReference; lastKnownFileType = sourcecode.swift; path = SearchTextField.swift; sourceTree = "<group>"; };
		5C6C2D9126342D28000C8644 /* Concentration.swift */ = {isa = PBXFileReference; lastKnownFileType = sourcecode.swift; path = Concentration.swift; sourceTree = "<group>"; };
		5C6C2D9526343100000C8644 /* ContentView.swift */ = {isa = PBXFileReference; lastKnownFileType = sourcecode.swift; path = ContentView.swift; sourceTree = "<group>"; };
		5C75EC5926AD6BEB0030C225 /* ConcentrationOnboardingView.swift */ = {isa = PBXFileReference; lastKnownFileType = sourcecode.swift; path = ConcentrationOnboardingView.swift; sourceTree = "<group>"; };
		5C75EC5C26AD9B6C0030C225 /* CourseEditorOnboarding.swift */ = {isa = PBXFileReference; lastKnownFileType = sourcecode.swift; path = CourseEditorOnboarding.swift; sourceTree = "<group>"; };
		5C75EC5E26ADF46A0030C225 /* CategoryOnboardingView.swift */ = {isa = PBXFileReference; lastKnownFileType = sourcecode.swift; path = CategoryOnboardingView.swift; sourceTree = "<group>"; };
		5C8B4CB82653D01500E877D8 /* ScheduleStoreView.swift */ = {isa = PBXFileReference; lastKnownFileType = sourcecode.swift; path = ScheduleStoreView.swift; sourceTree = "<group>"; };
		5C8B4CBB2653D37B00E877D8 /* CourseStore.swift */ = {isa = PBXFileReference; lastKnownFileType = sourcecode.swift; path = CourseStore.swift; sourceTree = "<group>"; };
		5C8D51DB260797ED00CDEAB5 /* FoundationExtensions.swift */ = {isa = PBXFileReference; lastKnownFileType = sourcecode.swift; path = FoundationExtensions.swift; sourceTree = "<group>"; };
		5C8D51E42608D1FF00CDEAB5 /* ScheduleModel.swift */ = {isa = PBXFileReference; lastKnownFileType = sourcecode.swift; path = ScheduleModel.swift; sourceTree = "<group>"; };
		5C8D51E82608D26F00CDEAB5 /* ScheduleVM.swift */ = {isa = PBXFileReference; lastKnownFileType = sourcecode.swift; path = ScheduleVM.swift; sourceTree = "<group>"; };
		5C8D51EB260907C400CDEAB5 /* CourseEditorView.swift */ = {isa = PBXFileReference; lastKnownFileType = sourcecode.swift; path = CourseEditorView.swift; sourceTree = "<group>"; };
		5C8D51EF260BE3F100CDEAB5 /* SemesterView.swift */ = {isa = PBXFileReference; lastKnownFileType = sourcecode.swift; path = SemesterView.swift; sourceTree = "<group>"; };
		5C8E5CF82652CCFF00FC3CAC /* SharedProperties.swift */ = {isa = PBXFileReference; lastKnownFileType = sourcecode.swift; path = SharedProperties.swift; sourceTree = "<group>"; };
		5C9340A12632D507006AF281 /* EmptyCourseView.swift */ = {isa = PBXFileReference; lastKnownFileType = sourcecode.swift; path = EmptyCourseView.swift; sourceTree = "<group>"; };
		5C9340A426332592006AF281 /* ConcentrationView.swift */ = {isa = PBXFileReference; lastKnownFileType = sourcecode.swift; path = ConcentrationView.swift; sourceTree = "<group>"; };
		5CA168E5267BD80300E254F9 /* VisualEffectBlur.swift */ = {isa = PBXFileReference; fileEncoding = 4; lastKnownFileType = sourcecode.swift; path = VisualEffectBlur.swift; sourceTree = "<group>"; };
		5CAA1EA3266A961700E7F0D8 /* ConcentrationEditorView.swift */ = {isa = PBXFileReference; lastKnownFileType = sourcecode.swift; path = ConcentrationEditorView.swift; sourceTree = "<group>"; };
		5CAAFCA4266A880200A1FC9E /* CategorySuggestionVM.swift */ = {isa = PBXFileReference; lastKnownFileType = sourcecode.swift; path = CategorySuggestionVM.swift; sourceTree = "<group>"; };
		5CAF0965266CEA3C00BCCB99 /* CategoryContainer.swift */ = {isa = PBXFileReference; lastKnownFileType = sourcecode.swift; path = CategoryContainer.swift; sourceTree = "<group>"; };
		5CAF096B266D47FE00BCCB99 /* SharedPanel.swift */ = {isa = PBXFileReference; lastKnownFileType = sourcecode.swift; path = SharedPanel.swift; sourceTree = "<group>"; };
		5CB1F0FE266A6D2B0095EA9D /* ConditionalScrollView.swift */ = {isa = PBXFileReference; lastKnownFileType = sourcecode.swift; path = ConditionalScrollView.swift; sourceTree = "<group>"; };
		5CB1F105266A78410095EA9D /* ScheduleCourseView.swift */ = {isa = PBXFileReference; lastKnownFileType = sourcecode.swift; path = ScheduleCourseView.swift; sourceTree = "<group>"; };
		5CB9A33C265E338000DFB021 /* CustomTabView.swift */ = {isa = PBXFileReference; lastKnownFileType = sourcecode.swift; path = CustomTabView.swift; sourceTree = "<group>"; };
		5CC8F7A626543FAD00EDE501 /* ScheduleView.swift */ = {isa = PBXFileReference; lastKnownFileType = sourcecode.swift; path = ScheduleView.swift; sourceTree = "<group>"; };
		5CC8F7A92654404D00EDE501 /* ConcentrationVM.swift */ = {isa = PBXFileReference; lastKnownFileType = sourcecode.swift; path = ConcentrationVM.swift; sourceTree = "<group>"; };
		5CC8F7B82657CC2800EDE501 /* SuggestionInput.swift */ = {isa = PBXFileReference; fileEncoding = 4; lastKnownFileType = sourcecode.swift; path = SuggestionInput.swift; sourceTree = "<group>"; };
		5CC8F7B92657CC2800EDE501 /* SuggestionsView.swift */ = {isa = PBXFileReference; fileEncoding = 4; lastKnownFileType = sourcecode.swift; path = SuggestionsView.swift; sourceTree = "<group>"; };
		5CC8F7BB2657CC2900EDE501 /* SuggestionTextField.swift */ = {isa = PBXFileReference; fileEncoding = 4; lastKnownFileType = sourcecode.swift; path = SuggestionTextField.swift; sourceTree = "<group>"; };
		5CC8F7BC2657CC2900EDE501 /* SuggestionsModel.swift */ = {isa = PBXFileReference; fileEncoding = 4; lastKnownFileType = sourcecode.swift; path = SuggestionsModel.swift; sourceTree = "<group>"; };
		5CC8F7BD2657CC2900EDE501 /* BorderlessWindow.swift */ = {isa = PBXFileReference; fileEncoding = 4; lastKnownFileType = sourcecode.swift; path = BorderlessWindow.swift; sourceTree = "<group>"; };
		5CC8F7C52657D9BD00EDE501 /* SearchModel.swift */ = {isa = PBXFileReference; lastKnownFileType = sourcecode.swift; path = SearchModel.swift; sourceTree = "<group>"; };
		5CE46F4A264FDF2800350D7C /* Enums.swift */ = {isa = PBXFileReference; lastKnownFileType = sourcecode.swift; path = Enums.swift; sourceTree = "<group>"; };
		5CE46F4F2650235B00350D7C /* Columns.swift */ = {isa = PBXFileReference; lastKnownFileType = sourcecode.swift; path = Columns.swift; sourceTree = "<group>"; };
		5CE46F542651379200350D7C /* DragVM.swift */ = {isa = PBXFileReference; lastKnownFileType = sourcecode.swift; path = DragVM.swift; sourceTree = "<group>"; };
		5CE73932264EF40200221D81 /* IntTextField.swift */ = {isa = PBXFileReference; lastKnownFileType = sourcecode.swift; path = IntTextField.swift; sourceTree = "<group>"; };
		5CE73936264FC4A500221D81 /* PanelView.swift */ = {isa = PBXFileReference; lastKnownFileType = sourcecode.swift; path = PanelView.swift; sourceTree = "<group>"; };
		5CE7393C264FD2A300221D81 /* CourseStoreView.swift */ = {isa = PBXFileReference; lastKnownFileType = sourcecode.swift; path = CourseStoreView.swift; sourceTree = "<group>"; };
		5CEC81C9264C1A1800B2B03E /* NetworkSearch.swift */ = {isa = PBXFileReference; lastKnownFileType = sourcecode.swift; path = NetworkSearch.swift; sourceTree = "<group>"; };
		5CEF027E26A4BF850086A044 /* ScheduleOnboardingView.swift */ = {isa = PBXFileReference; lastKnownFileType = sourcecode.swift; path = ScheduleOnboardingView.swift; sourceTree = "<group>"; };
		5CEFD290264045010087A77E /* ConcentrationContainerView.swift */ = {isa = PBXFileReference; lastKnownFileType = sourcecode.swift; path = ConcentrationContainerView.swift; sourceTree = "<group>"; };
		5CF96E4026480BB200314288 /* CategoryEditorView.swift */ = {isa = PBXFileReference; lastKnownFileType = sourcecode.swift; path = CategoryEditorView.swift; sourceTree = "<group>"; };
/* End PBXFileReference section */

/* Begin PBXFrameworksBuildPhase section */
		5C5574DD2606331C001C1037 /* Frameworks */ = {
			isa = PBXFrameworksBuildPhase;
			buildActionMask = 2147483647;
			files = (
			);
			runOnlyForDeploymentPostprocessing = 0;
		};
/* End PBXFrameworksBuildPhase section */

/* Begin PBXGroup section */
		5C0F9CCA26A76A2A0029DFDB /* Majors */ = {
			isa = PBXGroup;
			children = (
				5C0F9CCB26A76A750029DFDB /* HarvardGeneralRequirements.swift */,
			);
			path = Majors;
			sourceTree = "<group>";
		};
		5C528B66263F399600891BE9 /* Schedule */ = {
			isa = PBXGroup;
			children = (
				5CC8F7A626543FAD00EDE501 /* ScheduleView.swift */,
				5C8D51EF260BE3F100CDEAB5 /* SemesterView.swift */,
				5CB1F105266A78410095EA9D /* ScheduleCourseView.swift */,
				5C5574E52606331C001C1037 /* CourseView.swift */,
				5C9340A12632D507006AF281 /* EmptyCourseView.swift */,
			);
			path = Schedule;
			sourceTree = "<group>";
		};
		5C528B67263F39AD00891BE9 /* Concentrations */ = {
			isa = PBXGroup;
			children = (
				5CEFD290264045010087A77E /* ConcentrationContainerView.swift */,
				5C9340A426332592006AF281 /* ConcentrationView.swift */,
				5C528B63263F398F00891BE9 /* EmptyConcentrationView.swift */,
			);
			path = Concentrations;
			sourceTree = "<group>";
		};
		5C5574D72606331C001C1037 = {
			isa = PBXGroup;
			children = (
				5C5574E22606331C001C1037 /* ClassPlanner */,
				5C5574E12606331C001C1037 /* Products */,
			);
			sourceTree = "<group>";
		};
		5C5574E12606331C001C1037 /* Products */ = {
			isa = PBXGroup;
			children = (
				5C5574E02606331C001C1037 /* ClassPlanner.app */,
			);
			name = Products;
			sourceTree = "<group>";
		};
		5C5574E22606331C001C1037 /* ClassPlanner */ = {
			isa = PBXGroup;
			children = (
				5C0F9CCA26A76A2A0029DFDB /* Majors */,
				5C5574E32606331C001C1037 /* AppDelegate.swift */,
				5C04D60D263F3B0E008F20DA /* DrawingConstants.swift */,
				5C8D51EE260BE3C200CDEAB5 /* Views */,
				5CEEE813260BE58900F6A8B2 /* Models */,
				5C6C2D9026342D0A000C8644 /* ViewModels */,
				5CC35F88264580B9005A9CAB /* External */,
				5C5574EA2606331E001C1037 /* Assets.xcassets */,
				5C5574EF2606331E001C1037 /* Main.storyboard */,
				5C5574F22606331E001C1037 /* Info.plist */,
				5C5574F32606331E001C1037 /* ClassPlanner.entitlements */,
				5C5574E72606331C001C1037 /* ClassPlanner.xcdatamodeld */,
				5C5574EC2606331E001C1037 /* Preview Content */,
			);
			path = ClassPlanner;
			sourceTree = "<group>";
		};
		5C5574EC2606331E001C1037 /* Preview Content */ = {
			isa = PBXGroup;
			children = (
				5C5574ED2606331E001C1037 /* Preview Assets.xcassets */,
			);
			path = "Preview Content";
			sourceTree = "<group>";
		};
		5C6C2D9026342D0A000C8644 /* ViewModels */ = {
			isa = PBXGroup;
			children = (
				5C13FBA12669030C003313ED /* SharedVM.swift */,
				5C8D51E82608D26F00CDEAB5 /* ScheduleVM.swift */,
				5C172DF62653BDC500BC0A87 /* ScheduleStore.swift */,
				5C8B4CBB2653D37B00E877D8 /* CourseStore.swift */,
				5CC8F7A92654404D00EDE501 /* ConcentrationVM.swift */,
				5C13FB9E2668F3EF003313ED /* CourseSuggestionVM.swift */,
				5CAAFCA4266A880200A1FC9E /* CategorySuggestionVM.swift */,
				5C353861269F82A800011993 /* PrereqSuggestionVM.swift */,
				5CC8F7C52657D9BD00EDE501 /* SearchModel.swift */,
			);
			path = ViewModels;
			sourceTree = "<group>";
		};
		5C75EC5B26AD9B500030C225 /* Onboarding */ = {
			isa = PBXGroup;
			children = (
				5C75EC5C26AD9B6C0030C225 /* CourseEditorOnboarding.swift */,
				5CEF027E26A4BF850086A044 /* ScheduleOnboardingView.swift */,
				5C75EC5926AD6BEB0030C225 /* ConcentrationOnboardingView.swift */,
				5C75EC5E26ADF46A0030C225 /* CategoryOnboardingView.swift */,
			);
			path = Onboarding;
			sourceTree = "<group>";
		};
		5C8D51EE260BE3C200CDEAB5 /* Views */ = {
			isa = PBXGroup;
			children = (
				5C6C2D9526343100000C8644 /* ContentView.swift */,
				5CE7393A264FD20E00221D81 /* Panel */,
				5C528B66263F399600891BE9 /* Schedule */,
				5C528B67263F39AD00891BE9 /* Concentrations */,
				5C75EC5B26AD9B500030C225 /* Onboarding */,
				5CAF0964266CEA0F00BCCB99 /* Categories */,
			);
			path = Views;
			sourceTree = "<group>";
		};
		5CAAFCA7266A888F00A1FC9E /* Others */ = {
			isa = PBXGroup;
			children = (
				5CB1F0FE266A6D2B0095EA9D /* ConditionalScrollView.swift */,
				5CE46F4A264FDF2800350D7C /* Enums.swift */,
				5C16AC3C264E92AE0075727A /* DoubleTextField.swift */,
				5CE46F4F2650235B00350D7C /* Columns.swift */,
				5CE73932264EF40200221D81 /* IntTextField.swift */,
				5C246185262F434600A8E079 /* OldCode.swift */,
				5C8D51DB260797ED00CDEAB5 /* FoundationExtensions.swift */,
				5CEC81C9264C1A1800B2B03E /* NetworkSearch.swift */,
				5C671359264C259200491C1C /* SearchTextField.swift */,
				5CB9A33C265E338000DFB021 /* CustomTabView.swift */,
				5CE46F542651379200350D7C /* DragVM.swift */,
			);
			path = Others;
			sourceTree = "<group>";
		};
		5CAF0964266CEA0F00BCCB99 /* Categories */ = {
			isa = PBXGroup;
			children = (
				5CAF0965266CEA3C00BCCB99 /* CategoryContainer.swift */,
				5C04D614263F41E5008F20DA /* CategoryView.swift */,
				5C04D61A263F4711008F20DA /* EmptyCategoryView.swift */,
			);
			path = Categories;
			sourceTree = "<group>";
		};
		5CC35F88264580B9005A9CAB /* External */ = {
			isa = PBXGroup;
			children = (
				5CC8F7B72657CC0500EDE501 /* SuggestionSearch */,
				5CAAFCA7266A888F00A1FC9E /* Others */,
			);
			path = External;
			sourceTree = "<group>";
		};
		5CC8F7B72657CC0500EDE501 /* SuggestionSearch */ = {
			isa = PBXGroup;
			children = (
				5CC8F7BD2657CC2900EDE501 /* BorderlessWindow.swift */,
				5CC8F7B82657CC2800EDE501 /* SuggestionInput.swift */,
				5CC8F7BC2657CC2900EDE501 /* SuggestionsModel.swift */,
				5CC8F7B92657CC2800EDE501 /* SuggestionsView.swift */,
				5CC8F7BB2657CC2900EDE501 /* SuggestionTextField.swift */,
				5CA168E5267BD80300E254F9 /* VisualEffectBlur.swift */,
			);
			path = SuggestionSearch;
			sourceTree = "<group>";
		};
		5CE7393A264FD20E00221D81 /* Panel */ = {
			isa = PBXGroup;
			children = (
				5CE73936264FC4A500221D81 /* PanelView.swift */,
				5CE7393C264FD2A300221D81 /* CourseStoreView.swift */,
				5C8B4CB82653D01500E877D8 /* ScheduleStoreView.swift */,
				5C13FBA6266921D8003313ED /* ConcentrationStoreView.swift */,
				5CAF096B266D47FE00BCCB99 /* SharedPanel.swift */,
				5CF96E45264B0D2200314288 /* Editors */,
			);
			path = Panel;
			sourceTree = "<group>";
		};
		5CEEE813260BE58900F6A8B2 /* Models */ = {
			isa = PBXGroup;
			children = (
				5C8D51E42608D1FF00CDEAB5 /* ScheduleModel.swift */,
				5C5574FD26063D6E001C1037 /* Course.swift */,
				5C6C2D9126342D28000C8644 /* Concentration.swift */,
				5C04D611263F3E5C008F20DA /* Category.swift */,
			);
			path = Models;
			sourceTree = "<group>";
		};
		5CF96E45264B0D2200314288 /* Editors */ = {
			isa = PBXGroup;
			children = (
				5CF96E4026480BB200314288 /* CategoryEditorView.swift */,
				5C8D51EB260907C400CDEAB5 /* CourseEditorView.swift */,
				5C0B8336266642B5004049E1 /* ScheduleEditor.swift */,
				5CAA1EA3266A961700E7F0D8 /* ConcentrationEditorView.swift */,
				5C8E5CF82652CCFF00FC3CAC /* SharedProperties.swift */,
			);
			path = Editors;
			sourceTree = "<group>";
		};
/* End PBXGroup section */

/* Begin PBXNativeTarget section */
		5C5574DF2606331C001C1037 /* ClassPlanner */ = {
			isa = PBXNativeTarget;
			buildConfigurationList = 5C5574F62606331E001C1037 /* Build configuration list for PBXNativeTarget "ClassPlanner" */;
			buildPhases = (
				5C5574DC2606331C001C1037 /* Sources */,
				5C5574DD2606331C001C1037 /* Frameworks */,
				5C5574DE2606331C001C1037 /* Resources */,
			);
			buildRules = (
			);
			dependencies = (
			);
			name = ClassPlanner;
			productName = ClassPlanner;
			productReference = 5C5574E02606331C001C1037 /* ClassPlanner.app */;
			productType = "com.apple.product-type.application";
		};
/* End PBXNativeTarget section */

/* Begin PBXProject section */
		5C5574D82606331C001C1037 /* Project object */ = {
			isa = PBXProject;
			attributes = {
				LastSwiftUpdateCheck = 1230;
				LastUpgradeCheck = 1230;
				TargetAttributes = {
					5C5574DF2606331C001C1037 = {
						CreatedOnToolsVersion = 12.3;
					};
				};
			};
			buildConfigurationList = 5C5574DB2606331C001C1037 /* Build configuration list for PBXProject "ClassPlanner" */;
			compatibilityVersion = "Xcode 9.3";
			developmentRegion = en;
			hasScannedForEncodings = 0;
			knownRegions = (
				en,
				Base,
			);
			mainGroup = 5C5574D72606331C001C1037;
			productRefGroup = 5C5574E12606331C001C1037 /* Products */;
			projectDirPath = "";
			projectRoot = "";
			targets = (
				5C5574DF2606331C001C1037 /* ClassPlanner */,
			);
		};
/* End PBXProject section */

/* Begin PBXResourcesBuildPhase section */
		5C5574DE2606331C001C1037 /* Resources */ = {
			isa = PBXResourcesBuildPhase;
			buildActionMask = 2147483647;
			files = (
				5C5574F12606331E001C1037 /* Main.storyboard in Resources */,
				5C5574EE2606331E001C1037 /* Preview Assets.xcassets in Resources */,
				5C5574EB2606331E001C1037 /* Assets.xcassets in Resources */,
			);
			runOnlyForDeploymentPostprocessing = 0;
		};
/* End PBXResourcesBuildPhase section */

/* Begin PBXSourcesBuildPhase section */
		5C5574DC2606331C001C1037 /* Sources */ = {
			isa = PBXSourcesBuildPhase;
			buildActionMask = 2147483647;
			files = (
				5C0F9CCC26A76A750029DFDB /* HarvardGeneralRequirements.swift in Sources */,
				5C528B64263F398F00891BE9 /* EmptyConcentrationView.swift in Sources */,
				5CE46F552651379200350D7C /* DragVM.swift in Sources */,
				5C5574FE26063D6E001C1037 /* Course.swift in Sources */,
				5C172DF72653BDC500BC0A87 /* ScheduleStore.swift in Sources */,
				5CAA1EA4266A961700E7F0D8 /* ConcentrationEditorView.swift in Sources */,
				5C8E5CF92652CCFF00FC3CAC /* SharedProperties.swift in Sources */,
				5CE7393D264FD2A300221D81 /* CourseStoreView.swift in Sources */,
				5CEC81CA264C1A1800B2B03E /* NetworkSearch.swift in Sources */,
				5C04D60E263F3B0E008F20DA /* DrawingConstants.swift in Sources */,
				5C353862269F82A800011993 /* PrereqSuggestionVM.swift in Sources */,
				5CAF0966266CEA3C00BCCB99 /* CategoryContainer.swift in Sources */,
				5CF96E4126480BB200314288 /* CategoryEditorView.swift in Sources */,
				5CA168E6267BD80300E254F9 /* VisualEffectBlur.swift in Sources */,
				5C8B4CBC2653D37B00E877D8 /* CourseStore.swift in Sources */,
				5C8D51DC260797ED00CDEAB5 /* FoundationExtensions.swift in Sources */,
				5CAAFCA5266A880200A1FC9E /* CategorySuggestionVM.swift in Sources */,
				5C6C2D9626343100000C8644 /* ContentView.swift in Sources */,
				5C5574E92606331C001C1037 /* ClassPlanner.xcdatamodeld in Sources */,
				5C16AC3D264E92AE0075727A /* DoubleTextField.swift in Sources */,
				5CC8F7AA2654404D00EDE501 /* ConcentrationVM.swift in Sources */,
				5C75EC5A26AD6BEB0030C225 /* ConcentrationOnboardingView.swift in Sources */,
				5C8D51F0260BE3F100CDEAB5 /* SemesterView.swift in Sources */,
				5CC8F7A726543FAD00EDE501 /* ScheduleView.swift in Sources */,
				5CE73933264EF40200221D81 /* IntTextField.swift in Sources */,
				5C5574E62606331C001C1037 /* CourseView.swift in Sources */,
				5C04D615263F41E5008F20DA /* CategoryView.swift in Sources */,
				5C75EC5F26ADF46A0030C225 /* CategoryOnboardingView.swift in Sources */,
				5C9340A22632D508006AF281 /* EmptyCourseView.swift in Sources */,
				5C04D61B263F4711008F20DA /* EmptyCategoryView.swift in Sources */,
				5C13FBA7266921D8003313ED /* ConcentrationStoreView.swift in Sources */,
				5CEFD291264045010087A77E /* ConcentrationContainerView.swift in Sources */,
				5CC8F7C62657D9BD00EDE501 /* SearchModel.swift in Sources */,
				5CC8F7C22657CC2900EDE501 /* SuggestionsModel.swift in Sources */,
				5C9340A526332592006AF281 /* ConcentrationView.swift in Sources */,
				5C8B4CB92653D01500E877D8 /* ScheduleStoreView.swift in Sources */,
				5C0B8337266642B5004049E1 /* ScheduleEditor.swift in Sources */,
				5CB9A33D265E338000DFB021 /* CustomTabView.swift in Sources */,
				5CEF027F26A4BF850086A044 /* ScheduleOnboardingView.swift in Sources */,
				5C04D612263F3E5C008F20DA /* Category.swift in Sources */,
				5CC8F7C32657CC2900EDE501 /* BorderlessWindow.swift in Sources */,
				5CB1F106266A78410095EA9D /* ScheduleCourseView.swift in Sources */,
				5CC8F7BF2657CC2900EDE501 /* SuggestionsView.swift in Sources */,
				5CE46F4B264FDF2800350D7C /* Enums.swift in Sources */,
				5CE73937264FC4A500221D81 /* PanelView.swift in Sources */,
				5CAF096C266D47FE00BCCB99 /* SharedPanel.swift in Sources */,
				5C13FBA22669030C003313ED /* SharedVM.swift in Sources */,
				5C246186262F434600A8E079 /* OldCode.swift in Sources */,
				5CC8F7C12657CC2900EDE501 /* SuggestionTextField.swift in Sources */,
				5CB1F0FF266A6D2B0095EA9D /* ConditionalScrollView.swift in Sources */,
				5C8D51EC260907C400CDEAB5 /* CourseEditorView.swift in Sources */,
				5CE46F502650235C00350D7C /* Columns.swift in Sources */,
				5C5574E42606331C001C1037 /* AppDelegate.swift in Sources */,
				5C67135A264C259200491C1C /* SearchTextField.swift in Sources */,
				5C13FB9F2668F3EF003313ED /* CourseSuggestionVM.swift in Sources */,
				5C6C2D9226342D28000C8644 /* Concentration.swift in Sources */,
				5C8D51E92608D26F00CDEAB5 /* ScheduleVM.swift in Sources */,
				5C75EC5D26AD9B6C0030C225 /* CourseEditorOnboarding.swift in Sources */,
				5C8D51E52608D1FF00CDEAB5 /* ScheduleModel.swift in Sources */,
				5CC8F7BE2657CC2900EDE501 /* SuggestionInput.swift in Sources */,
			);
			runOnlyForDeploymentPostprocessing = 0;
		};
/* End PBXSourcesBuildPhase section */

/* Begin PBXVariantGroup section */
		5C5574EF2606331E001C1037 /* Main.storyboard */ = {
			isa = PBXVariantGroup;
			children = (
				5C5574F02606331E001C1037 /* Base */,
			);
			name = Main.storyboard;
			sourceTree = "<group>";
		};
/* End PBXVariantGroup section */

/* Begin XCBuildConfiguration section */
		5C5574F42606331E001C1037 /* Debug */ = {
			isa = XCBuildConfiguration;
			buildSettings = {
				ALWAYS_SEARCH_USER_PATHS = NO;
				CLANG_ANALYZER_NONNULL = YES;
				CLANG_ANALYZER_NUMBER_OBJECT_CONVERSION = YES_AGGRESSIVE;
				CLANG_CXX_LANGUAGE_STANDARD = "gnu++14";
				CLANG_CXX_LIBRARY = "libc++";
				CLANG_ENABLE_MODULES = YES;
				CLANG_ENABLE_OBJC_ARC = YES;
				CLANG_ENABLE_OBJC_WEAK = YES;
				CLANG_WARN_BLOCK_CAPTURE_AUTORELEASING = YES;
				CLANG_WARN_BOOL_CONVERSION = YES;
				CLANG_WARN_COMMA = YES;
				CLANG_WARN_CONSTANT_CONVERSION = YES;
				CLANG_WARN_DEPRECATED_OBJC_IMPLEMENTATIONS = YES;
				CLANG_WARN_DIRECT_OBJC_ISA_USAGE = YES_ERROR;
				CLANG_WARN_DOCUMENTATION_COMMENTS = YES;
				CLANG_WARN_EMPTY_BODY = YES;
				CLANG_WARN_ENUM_CONVERSION = YES;
				CLANG_WARN_INFINITE_RECURSION = YES;
				CLANG_WARN_INT_CONVERSION = YES;
				CLANG_WARN_NON_LITERAL_NULL_CONVERSION = YES;
				CLANG_WARN_OBJC_IMPLICIT_RETAIN_SELF = YES;
				CLANG_WARN_OBJC_LITERAL_CONVERSION = YES;
				CLANG_WARN_OBJC_ROOT_CLASS = YES_ERROR;
				CLANG_WARN_QUOTED_INCLUDE_IN_FRAMEWORK_HEADER = YES;
				CLANG_WARN_RANGE_LOOP_ANALYSIS = YES;
				CLANG_WARN_STRICT_PROTOTYPES = YES;
				CLANG_WARN_SUSPICIOUS_MOVE = YES;
				CLANG_WARN_UNGUARDED_AVAILABILITY = YES_AGGRESSIVE;
				CLANG_WARN_UNREACHABLE_CODE = YES;
				CLANG_WARN__DUPLICATE_METHOD_MATCH = YES;
				COPY_PHASE_STRIP = NO;
				DEBUG_INFORMATION_FORMAT = dwarf;
				ENABLE_STRICT_OBJC_MSGSEND = YES;
				ENABLE_TESTABILITY = YES;
				GCC_C_LANGUAGE_STANDARD = gnu11;
				GCC_DYNAMIC_NO_PIC = NO;
				GCC_NO_COMMON_BLOCKS = YES;
				GCC_OPTIMIZATION_LEVEL = 0;
				GCC_PREPROCESSOR_DEFINITIONS = (
					"DEBUG=1",
					"$(inherited)",
				);
				GCC_WARN_64_TO_32_BIT_CONVERSION = YES;
				GCC_WARN_ABOUT_RETURN_TYPE = YES_ERROR;
				GCC_WARN_UNDECLARED_SELECTOR = YES;
				GCC_WARN_UNINITIALIZED_AUTOS = YES_AGGRESSIVE;
				GCC_WARN_UNUSED_FUNCTION = YES;
				GCC_WARN_UNUSED_VARIABLE = YES;
				MACOSX_DEPLOYMENT_TARGET = 10.15;
				MTL_ENABLE_DEBUG_INFO = INCLUDE_SOURCE;
				MTL_FAST_MATH = YES;
				ONLY_ACTIVE_ARCH = YES;
				SDKROOT = macosx;
				SWIFT_ACTIVE_COMPILATION_CONDITIONS = DEBUG;
				SWIFT_OPTIMIZATION_LEVEL = "-Onone";
			};
			name = Debug;
		};
		5C5574F52606331E001C1037 /* Release */ = {
			isa = XCBuildConfiguration;
			buildSettings = {
				ALWAYS_SEARCH_USER_PATHS = NO;
				CLANG_ANALYZER_NONNULL = YES;
				CLANG_ANALYZER_NUMBER_OBJECT_CONVERSION = YES_AGGRESSIVE;
				CLANG_CXX_LANGUAGE_STANDARD = "gnu++14";
				CLANG_CXX_LIBRARY = "libc++";
				CLANG_ENABLE_MODULES = YES;
				CLANG_ENABLE_OBJC_ARC = YES;
				CLANG_ENABLE_OBJC_WEAK = YES;
				CLANG_WARN_BLOCK_CAPTURE_AUTORELEASING = YES;
				CLANG_WARN_BOOL_CONVERSION = YES;
				CLANG_WARN_COMMA = YES;
				CLANG_WARN_CONSTANT_CONVERSION = YES;
				CLANG_WARN_DEPRECATED_OBJC_IMPLEMENTATIONS = YES;
				CLANG_WARN_DIRECT_OBJC_ISA_USAGE = YES_ERROR;
				CLANG_WARN_DOCUMENTATION_COMMENTS = YES;
				CLANG_WARN_EMPTY_BODY = YES;
				CLANG_WARN_ENUM_CONVERSION = YES;
				CLANG_WARN_INFINITE_RECURSION = YES;
				CLANG_WARN_INT_CONVERSION = YES;
				CLANG_WARN_NON_LITERAL_NULL_CONVERSION = YES;
				CLANG_WARN_OBJC_IMPLICIT_RETAIN_SELF = YES;
				CLANG_WARN_OBJC_LITERAL_CONVERSION = YES;
				CLANG_WARN_OBJC_ROOT_CLASS = YES_ERROR;
				CLANG_WARN_QUOTED_INCLUDE_IN_FRAMEWORK_HEADER = YES;
				CLANG_WARN_RANGE_LOOP_ANALYSIS = YES;
				CLANG_WARN_STRICT_PROTOTYPES = YES;
				CLANG_WARN_SUSPICIOUS_MOVE = YES;
				CLANG_WARN_UNGUARDED_AVAILABILITY = YES_AGGRESSIVE;
				CLANG_WARN_UNREACHABLE_CODE = YES;
				CLANG_WARN__DUPLICATE_METHOD_MATCH = YES;
				COPY_PHASE_STRIP = NO;
				DEBUG_INFORMATION_FORMAT = "dwarf-with-dsym";
				ENABLE_NS_ASSERTIONS = NO;
				ENABLE_STRICT_OBJC_MSGSEND = YES;
				GCC_C_LANGUAGE_STANDARD = gnu11;
				GCC_NO_COMMON_BLOCKS = YES;
				GCC_WARN_64_TO_32_BIT_CONVERSION = YES;
				GCC_WARN_ABOUT_RETURN_TYPE = YES_ERROR;
				GCC_WARN_UNDECLARED_SELECTOR = YES;
				GCC_WARN_UNINITIALIZED_AUTOS = YES_AGGRESSIVE;
				GCC_WARN_UNUSED_FUNCTION = YES;
				GCC_WARN_UNUSED_VARIABLE = YES;
				MACOSX_DEPLOYMENT_TARGET = 10.15;
				MTL_ENABLE_DEBUG_INFO = NO;
				MTL_FAST_MATH = YES;
				SDKROOT = macosx;
				SWIFT_COMPILATION_MODE = wholemodule;
				SWIFT_OPTIMIZATION_LEVEL = "-O";
			};
			name = Release;
		};
		5C5574F72606331E001C1037 /* Debug */ = {
			isa = XCBuildConfiguration;
			buildSettings = {
				ASSETCATALOG_COMPILER_APPICON_NAME = AppIcon;
				ASSETCATALOG_COMPILER_GLOBAL_ACCENT_COLOR_NAME = AccentColor;
				CODE_SIGN_ENTITLEMENTS = ClassPlanner/ClassPlanner.entitlements;
				CODE_SIGN_IDENTITY = "-";
				CODE_SIGN_STYLE = Automatic;
				COMBINE_HIDPI_IMAGES = YES;
				CURRENT_PROJECT_VERSION = 5;
				DEVELOPMENT_ASSET_PATHS = "\"ClassPlanner/Preview Content\"";
				DEVELOPMENT_TEAM = 89D9G7SXB4;
				ENABLE_PREVIEWS = YES;
				INFOPLIST_FILE = ClassPlanner/Info.plist;
				LD_RUNPATH_SEARCH_PATHS = (
					"$(inherited)",
					"@executable_path/../Frameworks",
				);
				MACOSX_DEPLOYMENT_TARGET = 10.15;
				MARKETING_VERSION = 1.3;
				PRODUCT_BUNDLE_IDENTIFIER = org.tbtech.ClassPlanner;
				PRODUCT_NAME = "$(TARGET_NAME)";
				SWIFT_VERSION = 5.0;
			};
			name = Debug;
		};
		5C5574F82606331E001C1037 /* Release */ = {
			isa = XCBuildConfiguration;
			buildSettings = {
				ASSETCATALOG_COMPILER_APPICON_NAME = AppIcon;
				ASSETCATALOG_COMPILER_GLOBAL_ACCENT_COLOR_NAME = AccentColor;
				CODE_SIGN_ENTITLEMENTS = ClassPlanner/ClassPlanner.entitlements;
				CODE_SIGN_IDENTITY = "-";
				CODE_SIGN_STYLE = Automatic;
				COMBINE_HIDPI_IMAGES = YES;
				CURRENT_PROJECT_VERSION = 5;
				DEVELOPMENT_ASSET_PATHS = "\"ClassPlanner/Preview Content\"";
				DEVELOPMENT_TEAM = 89D9G7SXB4;
				ENABLE_PREVIEWS = YES;
				INFOPLIST_FILE = ClassPlanner/Info.plist;
				LD_RUNPATH_SEARCH_PATHS = (
					"$(inherited)",
					"@executable_path/../Frameworks",
				);
				MACOSX_DEPLOYMENT_TARGET = 10.15;
				MARKETING_VERSION = 1.3;
				PRODUCT_BUNDLE_IDENTIFIER = org.tbtech.ClassPlanner;
				PRODUCT_NAME = "$(TARGET_NAME)";
				SWIFT_VERSION = 5.0;
			};
			name = Release;
		};
/* End XCBuildConfiguration section */

/* Begin XCConfigurationList section */
		5C5574DB2606331C001C1037 /* Build configuration list for PBXProject "ClassPlanner" */ = {
			isa = XCConfigurationList;
			buildConfigurations = (
				5C5574F42606331E001C1037 /* Debug */,
				5C5574F52606331E001C1037 /* Release */,
			);
			defaultConfigurationIsVisible = 0;
			defaultConfigurationName = Release;
		};
		5C5574F62606331E001C1037 /* Build configuration list for PBXNativeTarget "ClassPlanner" */ = {
			isa = XCConfigurationList;
			buildConfigurations = (
				5C5574F72606331E001C1037 /* Debug */,
				5C5574F82606331E001C1037 /* Release */,
			);
			defaultConfigurationIsVisible = 0;
			defaultConfigurationName = Release;
		};
/* End XCConfigurationList section */

/* Begin XCVersionGroup section */
		5C5574E72606331C001C1037 /* ClassPlanner.xcdatamodeld */ = {
			isa = XCVersionGroup;
			children = (
				5C5574E82606331C001C1037 /* ClassPlanner.xcdatamodel */,
			);
			currentVersion = 5C5574E82606331C001C1037 /* ClassPlanner.xcdatamodel */;
			path = ClassPlanner.xcdatamodeld;
			sourceTree = "<group>";
			versionGroupType = wrapper.xcdatamodel;
		};
/* End XCVersionGroup section */
	};
	rootObject = 5C5574D82606331C001C1037 /* Project object */;
}
